
Microsoft Visual Studio Solution File, Format Version 12.00
# Visual Studio Version 17
VisualStudioVersion = 17.6.33829.357
MinimumVisualStudioVersion = 10.0.40219.1
Project("{FAE04EC0-301F-11D3-BF4B-00C04F79EFBC}") = "Discussion.WebAPI", "Discussion.WebAPI\Discussion.WebAPI.csproj", "{F1AFF613-10A9-4CDB-850B-5F2665E5FD19}"
EndProject
Project("{FAE04EC0-301F-11D3-BF4B-00C04F79EFBC}") = "Discussion.Utility", "Discussion.Utility\Discussion.Utility.csproj", "{52D24503-A221-40A8-BD57-E3FA4B4A7EA9}"
EndProject
Project("{FAE04EC0-301F-11D3-BF4B-00C04F79EFBC}") = "Discussion.Models", "Discussion.Models\Discussion.Models.csproj", "{CF277817-68B2-4D52-BDFA-F752E21ED567}"
EndProject
Project("{FAE04EC0-301F-11D3-BF4B-00C04F79EFBC}") = "Discussion.Entities", "Discussion.Entities\Discussion.Entities.csproj", "{67C85D45-8B67-4658-8831-67AE864F36BE}"
EndProject
Project("{FAE04EC0-301F-11D3-BF4B-00C04F79EFBC}") = "Discussion.DAL", "Discussion.DAL\Discussion.DAL.csproj", "{6C38CBDE-59B0-4F21-8CDD-2D9715D6A1C2}"
EndProject
Project("{FAE04EC0-301F-11D3-BF4B-00C04F79EFBC}") = "Discussion.BLL", "Discussion.BLL\Discussion.BLL.csproj", "{CCD81A2E-FA8E-4A70-995E-F0583AA2D34F}"
EndProject
Global
	GlobalSection(SolutionConfigurationPlatforms) = preSolution
		Debug|Any CPU = Debug|Any CPU
		Release|Any CPU = Release|Any CPU
	EndGlobalSection
	GlobalSection(ProjectConfigurationPlatforms) = postSolution
		{F1AFF613-10A9-4CDB-850B-5F2665E5FD19}.Debug|Any CPU.ActiveCfg = Debug|Any CPU
		{F1AFF613-10A9-4CDB-850B-5F2665E5FD19}.Debug|Any CPU.Build.0 = Debug|Any CPU
		{F1AFF613-10A9-4CDB-850B-5F2665E5FD19}.Release|Any CPU.ActiveCfg = Release|Any CPU
		{F1AFF613-10A9-4CDB-850B-5F2665E5FD19}.Release|Any CPU.Build.0 = Release|Any CPU
		{52D24503-A221-40A8-BD57-E3FA4B4A7EA9}.Debug|Any CPU.ActiveCfg = Debug|Any CPU
		{52D24503-A221-40A8-BD57-E3FA4B4A7EA9}.Debug|Any CPU.Build.0 = Debug|Any CPU
		{52D24503-A221-40A8-BD57-E3FA4B4A7EA9}.Release|Any CPU.ActiveCfg = Release|Any CPU
		{52D24503-A221-40A8-BD57-E3FA4B4A7EA9}.Release|Any CPU.Build.0 = Release|Any CPU
		{CF277817-68B2-4D52-BDFA-F752E21ED567}.Debug|Any CPU.ActiveCfg = Debug|Any CPU
		{CF277817-68B2-4D52-BDFA-F752E21ED567}.Debug|Any CPU.Build.0 = Debug|Any CPU
		{CF277817-68B2-4D52-BDFA-F752E21ED567}.Release|Any CPU.ActiveCfg = Release|Any CPU
		{CF277817-68B2-4D52-BDFA-F752E21ED567}.Release|Any CPU.Build.0 = Release|Any CPU
		{67C85D45-8B67-4658-8831-67AE864F36BE}.Debug|Any CPU.ActiveCfg = Debug|Any CPU
		{67C85D45-8B67-4658-8831-67AE864F36BE}.Debug|Any CPU.Build.0 = Debug|Any CPU
		{67C85D45-8B67-4658-8831-67AE864F36BE}.Release|Any CPU.ActiveCfg = Release|Any CPU
		{67C85D45-8B67-4658-8831-67AE864F36BE}.Release|Any CPU.Build.0 = Release|Any CPU
		{6C38CBDE-59B0-4F21-8CDD-2D9715D6A1C2}.Debug|Any CPU.ActiveCfg = Debug|Any CPU
		{6C38CBDE-59B0-4F21-8CDD-2D9715D6A1C2}.Debug|Any CPU.Build.0 = Debug|Any CPU
		{6C38CBDE-59B0-4F21-8CDD-2D9715D6A1C2}.Release|Any CPU.ActiveCfg = Release|Any CPU
		{6C38CBDE-59B0-4F21-8CDD-2D9715D6A1C2}.Release|Any CPU.Build.0 = Release|Any CPU
		{CCD81A2E-FA8E-4A70-995E-F0583AA2D34F}.Debug|Any CPU.ActiveCfg = Debug|Any CPU
		{CCD81A2E-FA8E-4A70-995E-F0583AA2D34F}.Debug|Any CPU.Build.0 = Debug|Any CPU
		{CCD81A2E-FA8E-4A70-995E-F0583AA2D34F}.Release|Any CPU.ActiveCfg = Release|Any CPU
		{CCD81A2E-FA8E-4A70-995E-F0583AA2D34F}.Release|Any CPU.Build.0 = Release|Any CPU
	EndGlobalSection
	GlobalSection(SolutionProperties) = preSolution
		HideSolutionNode = FALSE
	EndGlobalSection
	GlobalSection(ExtensibilityGlobals) = postSolution
		SolutionGuid = {795BE087-4576-4667-A79A-E251D6A4D7DC}
	EndGlobalSection
EndGlobal
